<?xml version="1.0" encoding="utf-8"?>
<Project ToolsVersion="4.0" xmlns="http://schemas.microsoft.com/developer/msbuild/2003">
  <ItemGroup>
    <ClCompile Include="AoC.ixx" />
    <ClCompile Include="Common.ixx" />
    <ClCompile Include="Day10.ixx" />
    <ClCompile Include="Day11.ixx" />
    <ClCompile Include="Day12.ixx" />
    <ClCompile Include="Day12Intrin.ixx" />
    <ClCompile Include="Day13.ixx" />
    <ClCompile Include="Day14.ixx" />
    <ClCompile Include="Day15.ixx" />
    <ClCompile Include="Day9.ixx" />
    <ClCompile Include="Day1.ixx" />
    <ClCompile Include="Day2.ixx" />
    <ClCompile Include="Day3.ixx" />
    <ClCompile Include="Day4.ixx" />
    <ClCompile Include="Day5.ixx" />
    <ClCompile Include="Day6.ixx" />
    <ClCompile Include="Day7.ixx" />
    <ClCompile Include="Day8.ixx" />
    <ClCompile Include="main.cpp" />
    <ClCompile Include="StrSplit.ixx" />
    <ClCompile Include="Util.ixx" />
    <ClCompile Include="Day16.ixx" />
  </ItemGroup>
</Project>